
Microsoft Visual Studio Solution File, Format Version 12.00
# Visual Studio 14
VisualStudioVersion = 14.0.24720.0
MinimumVisualStudioVersion = 10.0.40219.1
Project("{FAE04EC0-301F-11D3-BF4B-00C04F79EFBC}") = "CloudSyncHelper_win32", "..\CloudSyncHelper_win32\CloudSyncHelper_win32.csproj", "{8F9F2D42-0BD7-4760-A64A-630C14014FC9}"
EndProject
Project("{FAE04EC0-301F-11D3-BF4B-00C04F79EFBC}") = "CloudSyncHelper", "..\CloudSyncHelper\CloudSyncHelper.csproj", "{DDA34727-7BAE-49F3-9474-8DC5A4CD93F9}"
EndProject
Project("{FAE04EC0-301F-11D3-BF4B-00C04F79EFBC}") = "Serialization", "..\Serialization\Serialization.csproj", "{9F1C5EA3-4D25-439F-A293-97A26B7C930D}"
EndProject
Project("{FAE04EC0-301F-11D3-BF4B-00C04F79EFBC}") = "DataCreator", "..\DataCreator\DataCreator.csproj", "{8867C025-099B-4AC5-B745-FC10E6A4988A}"
EndProject
Project("{FAE04EC0-301F-11D3-BF4B-00C04F79EFBC}") = "DataTypes", "..\DataTypes\DataTypes.csproj", "{1D9F1E8B-DAE5-40FF-81A2-F3366AC32C35}"
EndProject
Project("{FAE04EC0-301F-11D3-BF4B-00C04F79EFBC}") = "ReparsePointAdapter", "..\ReparsePointAdapter\ReparsePointAdapter.csproj", "{2C2B6037-1025-4FD5-83F1-17837C36A9D6}"
EndProject
Project("{FAE04EC0-301F-11D3-BF4B-00C04F79EFBC}") = "OsRecognition.Implementation", "..\XElement\DotNet\System\Environment\OsRecognition.Implementation\OsRecognition.Implementation.csproj", "{C5AADC74-BA99-4D66-9EC6-114718DE0357}"
EndProject
Project("{FAE04EC0-301F-11D3-BF4B-00C04F79EFBC}") = "OsRecognition.MefExtensions", "..\XElement\DotNet\System\Environment\OsRecognition.MefExtensions\OsRecognition.MefExtensions.csproj", "{6229FD37-00B3-4F8E-8299-E0E0D8AD2BE6}"
EndProject
Project("{2150E333-8FDC-42A3-9474-1A3956D46DE8}") = "InstalledPrograms", "InstalledPrograms", "{D00A2DA5-B035-4EA9-845E-6B791CA13CE9}"
EndProject
Project("{FAE04EC0-301F-11D3-BF4B-00C04F79EFBC}") = "InstalledPrograms.Interface", "..\InstalledPrograms\InstalledPrograms.Interface\InstalledPrograms.Interface.csproj", "{77D3002B-68FE-4A1D-B10F-8B15C3AE6A1D}"
EndProject
Project("{FAE04EC0-301F-11D3-BF4B-00C04F79EFBC}") = "InstalledPrograms.Implementation", "..\InstalledPrograms\InstalledPrograms.Implementation\InstalledPrograms.Implementation.csproj", "{06D15881-BB89-464E-A43C-05F473AE66BA}"
EndProject
Project("{FAE04EC0-301F-11D3-BF4B-00C04F79EFBC}") = "InstalledPrograms.MefExtensions", "..\InstalledPrograms\InstalledPrograms.MefExtensions\InstalledPrograms.MefExtensions.csproj", "{18797D1C-3848-4906-9E29-4F433FF48D26}"
EndProject
Project("{FAE04EC0-301F-11D3-BF4B-00C04F79EFBC}") = "OsRecognition.Interface", "..\XElement\DotNet\System\Environment\OsRecognition.Interface\OsRecognition.Interface.csproj", "{7CF544AE-B30D-46F0-8FE6-11EE842FF035}"
EndProject
Project("{2150E333-8FDC-42A3-9474-1A3956D46DE8}") = "OsRecognition", "OsRecognition", "{A7FAA180-B23C-4CE4-BCDC-C22F4736CF48}"
EndProject
Project("{2150E333-8FDC-42A3-9474-1A3956D46DE8}") = "DesignPatterns", "DesignPatterns", "{06A61363-7B57-464E-8D8F-EAB947FD16E5}"
EndProject
Project("{2150E333-8FDC-42A3-9474-1A3956D46DE8}") = "CreationalPatterns", "CreationalPatterns", "{60EF22EB-496F-4399-A77D-5B3CF9B49DA1}"
EndProject
Project("{2150E333-8FDC-42A3-9474-1A3956D46DE8}") = "FactoryMethod", "FactoryMethod", "{869854C4-852D-4CBE-98D1-98FB6F804238}"
EndProject
Project("{FAE04EC0-301F-11D3-BF4B-00C04F79EFBC}") = "FactoryMethod.Interface", "..\XElement\DesignPatterns\CreationalPatterns\FactoryMethod\FactoryMethod.Interface\FactoryMethod.Interface.csproj", "{DAA6FA28-FA8B-461C-9948-4ADEB12B743C}"
EndProject
Project("{2150E333-8FDC-42A3-9474-1A3956D46DE8}") = "deployment", "deployment", "{C9EBD6CA-AA43-4BE0-B9F5-60667B66B874}"
	ProjectSection(SolutionItems) = preProject
		..\deployment\CloudSyncHelper.xml = ..\deployment\CloudSyncHelper.xml
	EndProjectSection
EndProject
Project("{2150E333-8FDC-42A3-9474-1A3956D46DE8}") = "IconCrawler", "IconCrawler", "{DE41DF9E-A189-44AA-B1A8-3F505DF2A740}"
EndProject
Project("{FAE04EC0-301F-11D3-BF4B-00C04F79EFBC}") = "IconCrawler.Interface", "..\IconCrawler\IconCrawler.Interface\IconCrawler.Interface.csproj", "{9C9543BD-380B-46BA-AE78-D34E05E49CF7}"
EndProject
Project("{FAE04EC0-301F-11D3-BF4B-00C04F79EFBC}") = "IconCrawler.Implementation", "..\IconCrawler\IconCrawler.Implementation\IconCrawler.Implementation.csproj", "{F8711829-1502-448F-98DA-ECE60F79922A}"
EndProject
Project("{FAE04EC0-301F-11D3-BF4B-00C04F79EFBC}") = "IconCrawler.MefExtensions", "..\IconCrawler\IconCrawler.MefExtensions\IconCrawler.MefExtensions.csproj", "{AB150370-485F-4489-A381-73B388A674AD}"
EndProject
Project("{FAE04EC0-301F-11D3-BF4B-00C04F79EFBC}") = "Test_IconCrawler.Implementation", "..\IconCrawler\Test_IconCrawler.Implementation\Test_IconCrawler.Implementation.csproj", "{4478D557-E984-4D2E-92F4-7DE0FD4A268B}"
EndProject
Project("{FAE04EC0-301F-11D3-BF4B-00C04F79EFBC}") = "SpecialCharacters", "..\XElement\DotNet\System\Text\SpecialCharacters\SpecialCharacters.csproj", "{092AD2AD-CE22-4ABB-9C87-E9A5083C25FA}"
EndProject
Project("{2150E333-8FDC-42A3-9474-1A3956D46DE8}") = "UI", "UI", "{0900FBEA-3737-4DCE-A4D3-5E14380CDCD2}"
EndProject
Project("{2150E333-8FDC-42A3-9474-1A3956D46DE8}") = "Win32", "Win32", "{98CCC88A-8E07-4471-9ED1-44FA11C0833D}"
EndProject
Project("{FAE04EC0-301F-11D3-BF4B-00C04F79EFBC}") = "Localization", "..\UI\Win32\Localization\Localization.csproj", "{CC6AD910-F9F2-40B0-90AC-F347C73B5EF7}"
EndProject
Project("{FAE04EC0-301F-11D3-BF4B-00C04F79EFBC}") = "Test_Localization", "..\UI\Win32\Test_Localization\Test_Localization.csproj", "{4745F43A-FBC7-4F3A-A2F5-DACB8C4CB30D}"
EndProject
Global
	GlobalSection(SolutionConfigurationPlatforms) = preSolution
		Debug|Any CPU = Debug|Any CPU
		Release|Any CPU = Release|Any CPU
	EndGlobalSection
	GlobalSection(ProjectConfigurationPlatforms) = postSolution
		{8F9F2D42-0BD7-4760-A64A-630C14014FC9}.Debug|Any CPU.ActiveCfg = Debug|Any CPU
		{8F9F2D42-0BD7-4760-A64A-630C14014FC9}.Debug|Any CPU.Build.0 = Debug|Any CPU
		{8F9F2D42-0BD7-4760-A64A-630C14014FC9}.Release|Any CPU.ActiveCfg = Release|Any CPU
		{8F9F2D42-0BD7-4760-A64A-630C14014FC9}.Release|Any CPU.Build.0 = Release|Any CPU
		{DDA34727-7BAE-49F3-9474-8DC5A4CD93F9}.Debug|Any CPU.ActiveCfg = Debug|Any CPU
		{DDA34727-7BAE-49F3-9474-8DC5A4CD93F9}.Debug|Any CPU.Build.0 = Debug|Any CPU
		{DDA34727-7BAE-49F3-9474-8DC5A4CD93F9}.Release|Any CPU.ActiveCfg = Release|Any CPU
		{DDA34727-7BAE-49F3-9474-8DC5A4CD93F9}.Release|Any CPU.Build.0 = Release|Any CPU
		{9F1C5EA3-4D25-439F-A293-97A26B7C930D}.Debug|Any CPU.ActiveCfg = Debug|Any CPU
		{9F1C5EA3-4D25-439F-A293-97A26B7C930D}.Debug|Any CPU.Build.0 = Debug|Any CPU
		{9F1C5EA3-4D25-439F-A293-97A26B7C930D}.Release|Any CPU.ActiveCfg = Release|Any CPU
		{9F1C5EA3-4D25-439F-A293-97A26B7C930D}.Release|Any CPU.Build.0 = Release|Any CPU
		{8867C025-099B-4AC5-B745-FC10E6A4988A}.Debug|Any CPU.ActiveCfg = Debug|Any CPU
		{8867C025-099B-4AC5-B745-FC10E6A4988A}.Debug|Any CPU.Build.0 = Debug|Any CPU
		{8867C025-099B-4AC5-B745-FC10E6A4988A}.Release|Any CPU.ActiveCfg = Release|Any CPU
		{8867C025-099B-4AC5-B745-FC10E6A4988A}.Release|Any CPU.Build.0 = Release|Any CPU
		{1D9F1E8B-DAE5-40FF-81A2-F3366AC32C35}.Debug|Any CPU.ActiveCfg = Debug|Any CPU
		{1D9F1E8B-DAE5-40FF-81A2-F3366AC32C35}.Debug|Any CPU.Build.0 = Debug|Any CPU
		{1D9F1E8B-DAE5-40FF-81A2-F3366AC32C35}.Release|Any CPU.ActiveCfg = Release|Any CPU
		{1D9F1E8B-DAE5-40FF-81A2-F3366AC32C35}.Release|Any CPU.Build.0 = Release|Any CPU
		{2C2B6037-1025-4FD5-83F1-17837C36A9D6}.Debug|Any CPU.ActiveCfg = Debug|Any CPU
		{2C2B6037-1025-4FD5-83F1-17837C36A9D6}.Debug|Any CPU.Build.0 = Debug|Any CPU
		{2C2B6037-1025-4FD5-83F1-17837C36A9D6}.Release|Any CPU.ActiveCfg = Release|Any CPU
		{2C2B6037-1025-4FD5-83F1-17837C36A9D6}.Release|Any CPU.Build.0 = Release|Any CPU
		{C5AADC74-BA99-4D66-9EC6-114718DE0357}.Debug|Any CPU.ActiveCfg = Debug|Any CPU
		{C5AADC74-BA99-4D66-9EC6-114718DE0357}.Debug|Any CPU.Build.0 = Debug|Any CPU
		{C5AADC74-BA99-4D66-9EC6-114718DE0357}.Release|Any CPU.ActiveCfg = Release|Any CPU
		{C5AADC74-BA99-4D66-9EC6-114718DE0357}.Release|Any CPU.Build.0 = Release|Any CPU
		{6229FD37-00B3-4F8E-8299-E0E0D8AD2BE6}.Debug|Any CPU.ActiveCfg = Debug|Any CPU
		{6229FD37-00B3-4F8E-8299-E0E0D8AD2BE6}.Debug|Any CPU.Build.0 = Debug|Any CPU
		{6229FD37-00B3-4F8E-8299-E0E0D8AD2BE6}.Release|Any CPU.ActiveCfg = Release|Any CPU
		{6229FD37-00B3-4F8E-8299-E0E0D8AD2BE6}.Release|Any CPU.Build.0 = Release|Any CPU
		{77D3002B-68FE-4A1D-B10F-8B15C3AE6A1D}.Debug|Any CPU.ActiveCfg = Debug|Any CPU
		{77D3002B-68FE-4A1D-B10F-8B15C3AE6A1D}.Debug|Any CPU.Build.0 = Debug|Any CPU
		{77D3002B-68FE-4A1D-B10F-8B15C3AE6A1D}.Release|Any CPU.ActiveCfg = Release|Any CPU
		{77D3002B-68FE-4A1D-B10F-8B15C3AE6A1D}.Release|Any CPU.Build.0 = Release|Any CPU
		{06D15881-BB89-464E-A43C-05F473AE66BA}.Debug|Any CPU.ActiveCfg = Debug|Any CPU
		{06D15881-BB89-464E-A43C-05F473AE66BA}.Debug|Any CPU.Build.0 = Debug|Any CPU
		{06D15881-BB89-464E-A43C-05F473AE66BA}.Release|Any CPU.ActiveCfg = Release|Any CPU
		{06D15881-BB89-464E-A43C-05F473AE66BA}.Release|Any CPU.Build.0 = Release|Any CPU
		{18797D1C-3848-4906-9E29-4F433FF48D26}.Debug|Any CPU.ActiveCfg = Debug|Any CPU
		{18797D1C-3848-4906-9E29-4F433FF48D26}.Debug|Any CPU.Build.0 = Debug|Any CPU
		{18797D1C-3848-4906-9E29-4F433FF48D26}.Release|Any CPU.ActiveCfg = Release|Any CPU
		{18797D1C-3848-4906-9E29-4F433FF48D26}.Release|Any CPU.Build.0 = Release|Any CPU
		{7CF544AE-B30D-46F0-8FE6-11EE842FF035}.Debug|Any CPU.ActiveCfg = Debug|Any CPU
		{7CF544AE-B30D-46F0-8FE6-11EE842FF035}.Debug|Any CPU.Build.0 = Debug|Any CPU
		{7CF544AE-B30D-46F0-8FE6-11EE842FF035}.Release|Any CPU.ActiveCfg = Release|Any CPU
		{7CF544AE-B30D-46F0-8FE6-11EE842FF035}.Release|Any CPU.Build.0 = Release|Any CPU
		{DAA6FA28-FA8B-461C-9948-4ADEB12B743C}.Debug|Any CPU.ActiveCfg = Debug|Any CPU
		{DAA6FA28-FA8B-461C-9948-4ADEB12B743C}.Debug|Any CPU.Build.0 = Debug|Any CPU
		{DAA6FA28-FA8B-461C-9948-4ADEB12B743C}.Release|Any CPU.ActiveCfg = Release|Any CPU
		{DAA6FA28-FA8B-461C-9948-4ADEB12B743C}.Release|Any CPU.Build.0 = Release|Any CPU
		{9C9543BD-380B-46BA-AE78-D34E05E49CF7}.Debug|Any CPU.ActiveCfg = Debug|Any CPU
		{9C9543BD-380B-46BA-AE78-D34E05E49CF7}.Debug|Any CPU.Build.0 = Debug|Any CPU
		{9C9543BD-380B-46BA-AE78-D34E05E49CF7}.Release|Any CPU.ActiveCfg = Release|Any CPU
		{9C9543BD-380B-46BA-AE78-D34E05E49CF7}.Release|Any CPU.Build.0 = Release|Any CPU
		{F8711829-1502-448F-98DA-ECE60F79922A}.Debug|Any CPU.ActiveCfg = Debug|Any CPU
		{F8711829-1502-448F-98DA-ECE60F79922A}.Debug|Any CPU.Build.0 = Debug|Any CPU
		{F8711829-1502-448F-98DA-ECE60F79922A}.Release|Any CPU.ActiveCfg = Release|Any CPU
		{F8711829-1502-448F-98DA-ECE60F79922A}.Release|Any CPU.Build.0 = Release|Any CPU
		{AB150370-485F-4489-A381-73B388A674AD}.Debug|Any CPU.ActiveCfg = Debug|Any CPU
		{AB150370-485F-4489-A381-73B388A674AD}.Debug|Any CPU.Build.0 = Debug|Any CPU
		{AB150370-485F-4489-A381-73B388A674AD}.Release|Any CPU.ActiveCfg = Release|Any CPU
		{AB150370-485F-4489-A381-73B388A674AD}.Release|Any CPU.Build.0 = Release|Any CPU
		{4478D557-E984-4D2E-92F4-7DE0FD4A268B}.Debug|Any CPU.ActiveCfg = Debug|Any CPU
		{4478D557-E984-4D2E-92F4-7DE0FD4A268B}.Debug|Any CPU.Build.0 = Debug|Any CPU
		{4478D557-E984-4D2E-92F4-7DE0FD4A268B}.Release|Any CPU.ActiveCfg = Release|Any CPU
		{4478D557-E984-4D2E-92F4-7DE0FD4A268B}.Release|Any CPU.Build.0 = Release|Any CPU
		{092AD2AD-CE22-4ABB-9C87-E9A5083C25FA}.Debug|Any CPU.ActiveCfg = Debug|Any CPU
		{092AD2AD-CE22-4ABB-9C87-E9A5083C25FA}.Debug|Any CPU.Build.0 = Debug|Any CPU
		{092AD2AD-CE22-4ABB-9C87-E9A5083C25FA}.Release|Any CPU.ActiveCfg = Release|Any CPU
		{092AD2AD-CE22-4ABB-9C87-E9A5083C25FA}.Release|Any CPU.Build.0 = Release|Any CPU
		{CC6AD910-F9F2-40B0-90AC-F347C73B5EF7}.Debug|Any CPU.ActiveCfg = Debug|Any CPU
		{CC6AD910-F9F2-40B0-90AC-F347C73B5EF7}.Debug|Any CPU.Build.0 = Debug|Any CPU
		{CC6AD910-F9F2-40B0-90AC-F347C73B5EF7}.Release|Any CPU.ActiveCfg = Release|Any CPU
		{CC6AD910-F9F2-40B0-90AC-F347C73B5EF7}.Release|Any CPU.Build.0 = Release|Any CPU
		{4745F43A-FBC7-4F3A-A2F5-DACB8C4CB30D}.Debug|Any CPU.ActiveCfg = Debug|Any CPU
		{4745F43A-FBC7-4F3A-A2F5-DACB8C4CB30D}.Debug|Any CPU.Build.0 = Debug|Any CPU
		{4745F43A-FBC7-4F3A-A2F5-DACB8C4CB30D}.Release|Any CPU.ActiveCfg = Release|Any CPU
		{4745F43A-FBC7-4F3A-A2F5-DACB8C4CB30D}.Release|Any CPU.Build.0 = Release|Any CPU
	EndGlobalSection
	GlobalSection(SolutionProperties) = preSolution
		HideSolutionNode = FALSE
	EndGlobalSection
	GlobalSection(NestedProjects) = preSolution
		{8F9F2D42-0BD7-4760-A64A-630C14014FC9} = {98CCC88A-8E07-4471-9ED1-44FA11C0833D}
		{C5AADC74-BA99-4D66-9EC6-114718DE0357} = {A7FAA180-B23C-4CE4-BCDC-C22F4736CF48}
		{6229FD37-00B3-4F8E-8299-E0E0D8AD2BE6} = {A7FAA180-B23C-4CE4-BCDC-C22F4736CF48}
		{77D3002B-68FE-4A1D-B10F-8B15C3AE6A1D} = {D00A2DA5-B035-4EA9-845E-6B791CA13CE9}
		{06D15881-BB89-464E-A43C-05F473AE66BA} = {D00A2DA5-B035-4EA9-845E-6B791CA13CE9}
		{18797D1C-3848-4906-9E29-4F433FF48D26} = {D00A2DA5-B035-4EA9-845E-6B791CA13CE9}
		{7CF544AE-B30D-46F0-8FE6-11EE842FF035} = {A7FAA180-B23C-4CE4-BCDC-C22F4736CF48}
		{60EF22EB-496F-4399-A77D-5B3CF9B49DA1} = {06A61363-7B57-464E-8D8F-EAB947FD16E5}
		{869854C4-852D-4CBE-98D1-98FB6F804238} = {60EF22EB-496F-4399-A77D-5B3CF9B49DA1}
		{DAA6FA28-FA8B-461C-9948-4ADEB12B743C} = {869854C4-852D-4CBE-98D1-98FB6F804238}
		{9C9543BD-380B-46BA-AE78-D34E05E49CF7} = {DE41DF9E-A189-44AA-B1A8-3F505DF2A740}
		{F8711829-1502-448F-98DA-ECE60F79922A} = {DE41DF9E-A189-44AA-B1A8-3F505DF2A740}
		{AB150370-485F-4489-A381-73B388A674AD} = {DE41DF9E-A189-44AA-B1A8-3F505DF2A740}
		{4478D557-E984-4D2E-92F4-7DE0FD4A268B} = {DE41DF9E-A189-44AA-B1A8-3F505DF2A740}
		{98CCC88A-8E07-4471-9ED1-44FA11C0833D} = {0900FBEA-3737-4DCE-A4D3-5E14380CDCD2}
		{CC6AD910-F9F2-40B0-90AC-F347C73B5EF7} = {98CCC88A-8E07-4471-9ED1-44FA11C0833D}
		{4745F43A-FBC7-4F3A-A2F5-DACB8C4CB30D} = {98CCC88A-8E07-4471-9ED1-44FA11C0833D}
	EndGlobalSection
EndGlobal
