
Microsoft Visual Studio Solution File, Format Version 12.00
# Visual Studio 2013
VisualStudioVersion = 12.0.31101.0
MinimumVisualStudioVersion = 10.0.40219.1
Project("{FAE04EC0-301F-11D3-BF4B-00C04F79EFBC}") = "CloudSyncHelper_win32", "..\CloudSyncHelper_win32\CloudSyncHelper_win32.csproj", "{8F9F2D42-0BD7-4760-A64A-630C14014FC9}"
EndProject
Project("{FAE04EC0-301F-11D3-BF4B-00C04F79EFBC}") = "CloudSyncHelper", "..\CloudSyncHelper\CloudSyncHelper.csproj", "{DDA34727-7BAE-49F3-9474-8DC5A4CD93F9}"
EndProject
Project("{FAE04EC0-301F-11D3-BF4B-00C04F79EFBC}") = "Serializiation", "..\Serializiation\Serializiation.csproj", "{9F1C5EA3-4D25-439F-A293-97A26B7C930D}"
EndProject
Project("{FAE04EC0-301F-11D3-BF4B-00C04F79EFBC}") = "DataCreator", "..\DataCreator\DataCreator.csproj", "{8867C025-099B-4AC5-B745-FC10E6A4988A}"
EndProject
Project("{FAE04EC0-301F-11D3-BF4B-00C04F79EFBC}") = "DataTypes", "..\DataTypes\DataTypes.csproj", "{1D9F1E8B-DAE5-40FF-81A2-F3366AC32C35}"
EndProject
Project("{FAE04EC0-301F-11D3-BF4B-00C04F79EFBC}") = "ReparsePointAdapter", "..\ReparsePointAdapter\ReparsePointAdapter.csproj", "{2C2B6037-1025-4FD5-83F1-17837C36A9D6}"
EndProject
Project("{FAE04EC0-301F-11D3-BF4B-00C04F79EFBC}") = "OsRecognition", "..\XElement\System\Environment\OsRecognition\OsRecognition.csproj", "{C5AADC74-BA99-4D66-9EC6-114718DE0357}"
EndProject
Project("{FAE04EC0-301F-11D3-BF4B-00C04F79EFBC}") = "OsRecognition.MefExtensions", "..\XElement\System\Environment\OsRecognition.MefExtensions\OsRecognition.MefExtensions.csproj", "{6229FD37-00B3-4F8E-8299-E0E0D8AD2BE6}"
EndProject
Global
	GlobalSection(SolutionConfigurationPlatforms) = preSolution
		Debug|Any CPU = Debug|Any CPU
		Release|Any CPU = Release|Any CPU
	EndGlobalSection
	GlobalSection(ProjectConfigurationPlatforms) = postSolution
		{8F9F2D42-0BD7-4760-A64A-630C14014FC9}.Debug|Any CPU.ActiveCfg = Debug|Any CPU
		{8F9F2D42-0BD7-4760-A64A-630C14014FC9}.Debug|Any CPU.Build.0 = Debug|Any CPU
		{8F9F2D42-0BD7-4760-A64A-630C14014FC9}.Release|Any CPU.ActiveCfg = Release|Any CPU
		{8F9F2D42-0BD7-4760-A64A-630C14014FC9}.Release|Any CPU.Build.0 = Release|Any CPU
		{DDA34727-7BAE-49F3-9474-8DC5A4CD93F9}.Debug|Any CPU.ActiveCfg = Debug|Any CPU
		{DDA34727-7BAE-49F3-9474-8DC5A4CD93F9}.Debug|Any CPU.Build.0 = Debug|Any CPU
		{DDA34727-7BAE-49F3-9474-8DC5A4CD93F9}.Release|Any CPU.ActiveCfg = Release|Any CPU
		{DDA34727-7BAE-49F3-9474-8DC5A4CD93F9}.Release|Any CPU.Build.0 = Release|Any CPU
		{9F1C5EA3-4D25-439F-A293-97A26B7C930D}.Debug|Any CPU.ActiveCfg = Debug|Any CPU
		{9F1C5EA3-4D25-439F-A293-97A26B7C930D}.Debug|Any CPU.Build.0 = Debug|Any CPU
		{9F1C5EA3-4D25-439F-A293-97A26B7C930D}.Release|Any CPU.ActiveCfg = Release|Any CPU
		{9F1C5EA3-4D25-439F-A293-97A26B7C930D}.Release|Any CPU.Build.0 = Release|Any CPU
		{8867C025-099B-4AC5-B745-FC10E6A4988A}.Debug|Any CPU.ActiveCfg = Debug|Any CPU
		{8867C025-099B-4AC5-B745-FC10E6A4988A}.Debug|Any CPU.Build.0 = Debug|Any CPU
		{8867C025-099B-4AC5-B745-FC10E6A4988A}.Release|Any CPU.ActiveCfg = Release|Any CPU
		{8867C025-099B-4AC5-B745-FC10E6A4988A}.Release|Any CPU.Build.0 = Release|Any CPU
		{1D9F1E8B-DAE5-40FF-81A2-F3366AC32C35}.Debug|Any CPU.ActiveCfg = Debug|Any CPU
		{1D9F1E8B-DAE5-40FF-81A2-F3366AC32C35}.Debug|Any CPU.Build.0 = Debug|Any CPU
		{1D9F1E8B-DAE5-40FF-81A2-F3366AC32C35}.Release|Any CPU.ActiveCfg = Release|Any CPU
		{1D9F1E8B-DAE5-40FF-81A2-F3366AC32C35}.Release|Any CPU.Build.0 = Release|Any CPU
		{2C2B6037-1025-4FD5-83F1-17837C36A9D6}.Debug|Any CPU.ActiveCfg = Debug|Any CPU
		{2C2B6037-1025-4FD5-83F1-17837C36A9D6}.Debug|Any CPU.Build.0 = Debug|Any CPU
		{2C2B6037-1025-4FD5-83F1-17837C36A9D6}.Release|Any CPU.ActiveCfg = Release|Any CPU
		{2C2B6037-1025-4FD5-83F1-17837C36A9D6}.Release|Any CPU.Build.0 = Release|Any CPU
		{C5AADC74-BA99-4D66-9EC6-114718DE0357}.Debug|Any CPU.ActiveCfg = Debug|Any CPU
		{C5AADC74-BA99-4D66-9EC6-114718DE0357}.Debug|Any CPU.Build.0 = Debug|Any CPU
		{C5AADC74-BA99-4D66-9EC6-114718DE0357}.Release|Any CPU.ActiveCfg = Release|Any CPU
		{C5AADC74-BA99-4D66-9EC6-114718DE0357}.Release|Any CPU.Build.0 = Release|Any CPU
		{6229FD37-00B3-4F8E-8299-E0E0D8AD2BE6}.Debug|Any CPU.ActiveCfg = Debug|Any CPU
		{6229FD37-00B3-4F8E-8299-E0E0D8AD2BE6}.Debug|Any CPU.Build.0 = Debug|Any CPU
		{6229FD37-00B3-4F8E-8299-E0E0D8AD2BE6}.Release|Any CPU.ActiveCfg = Release|Any CPU
		{6229FD37-00B3-4F8E-8299-E0E0D8AD2BE6}.Release|Any CPU.Build.0 = Release|Any CPU
	EndGlobalSection
	GlobalSection(SolutionProperties) = preSolution
		HideSolutionNode = FALSE
	EndGlobalSection
EndGlobal
